
Microsoft Visual Studio Solution File, Format Version 12.00
# Visual Studio Version 17
VisualStudioVersion = 17.13.35825.156 d17.13
MinimumVisualStudioVersion = 10.0.40219.1
Project("{FAE04EC0-301F-11D3-BF4B-00C04F79EFBC}") = "QuanLiHangHoa", "QuanLiHangHoa.csproj", "{2C24E3EB-2448-4BA3-97EE-521AC37D1279}"
EndProject
Global
	GlobalSection(SolutionConfigurationPlatforms) = preSolution
		Debug|Any CPU = Debug|Any CPU
		Release|Any CPU = Release|Any CPU
	EndGlobalSection
	GlobalSection(ProjectConfigurationPlatforms) = postSolution
		{2C24E3EB-2448-4BA3-97EE-521AC37D1279}.Debug|Any CPU.ActiveCfg = Debug|Any CPU
		{2C24E3EB-2448-4BA3-97EE-521AC37D1279}.Debug|Any CPU.Build.0 = Debug|Any CPU
		{2C24E3EB-2448-4BA3-97EE-521AC37D1279}.Release|Any CPU.ActiveCfg = Release|Any CPU
		{2C24E3EB-2448-4BA3-97EE-521AC37D1279}.Release|Any CPU.Build.0 = Release|Any CPU
	EndGlobalSection
	GlobalSection(SolutionProperties) = preSolution
		HideSolutionNode = FALSE
	EndGlobalSection
	GlobalSection(ExtensibilityGlobals) = postSolution
		SolutionGuid = {227F7448-947C-4014-B445-FCCB95538E59}
	EndGlobalSection
EndGlobal
