
Microsoft Visual Studio Solution File, Format Version 12.00
# Visual Studio Version 17
VisualStudioVersion = 17.13.35818.85 d17.13
MinimumVisualStudioVersion = 10.0.40219.1
Project("{FAE04EC0-301F-11D3-BF4B-00C04F79EFBC}") = "QL_NhaHang", "QL_NhaHang.csproj", "{3713674B-4794-48F1-9200-9B35D028FC50}"
EndProject
Global
	GlobalSection(SolutionConfigurationPlatforms) = preSolution
		Debug|Any CPU = Debug|Any CPU
		Release|Any CPU = Release|Any CPU
	EndGlobalSection
	GlobalSection(ProjectConfigurationPlatforms) = postSolution
		{3713674B-4794-48F1-9200-9B35D028FC50}.Debug|Any CPU.ActiveCfg = Debug|Any CPU
		{3713674B-4794-48F1-9200-9B35D028FC50}.Debug|Any CPU.Build.0 = Debug|Any CPU
		{3713674B-4794-48F1-9200-9B35D028FC50}.Release|Any CPU.ActiveCfg = Release|Any CPU
		{3713674B-4794-48F1-9200-9B35D028FC50}.Release|Any CPU.Build.0 = Release|Any CPU
	EndGlobalSection
	GlobalSection(SolutionProperties) = preSolution
		HideSolutionNode = FALSE
	EndGlobalSection
	GlobalSection(ExtensibilityGlobals) = postSolution
		SolutionGuid = {4494F6B7-33C0-46B1-9488-77B5B5761BE9}
	EndGlobalSection
EndGlobal
